lockfileVersion: '9.0'

settings:
  autoInstallPeers: true
  excludeLinksFromLockfile: false

importers:

  .:
    devDependencies:
      '@tailwindcss/postcss':
        specifier: ^4.0.12
        version: 4.0.12

packages:

  '@alloc/quick-lru@5.2.0':
    resolution: {integrity: sha512-UrcABB+4bUrFABwbluTIBErXwvbsU/V7TZWfmbgJfbkwiBuziS9gxdODUyuiecfdGQ85jglMW6juS3+z5TsKLw==}
    engines: {node: '>=10'}

  '@tailwindcss/node@4.0.12':
    resolution: {integrity: sha512-a6J11K1Ztdln9OrGfoM75/hChYPcHYGNYimqciMrvKXRmmPaS8XZTHhdvb5a3glz4Kd4ZxE1MnuFE2c0fGGmtg==}

  '@tailwindcss/oxide-android-arm64@4.0.12':
    resolution: {integrity: sha512-dAXCaemu3mHLXcA5GwGlQynX8n7tTdvn5i1zAxRvZ5iC9fWLl5bGnjZnzrQqT7ttxCvRwdVf3IHUnMVdDBO/kQ==}
    engines: {node: '>= 10'}
    cpu: [arm64]
    os: [android]

  '@tailwindcss/oxide-darwin-arm64@4.0.12':
    resolution: {integrity: sha512-vPNI+TpJQ7sizselDXIJdYkx9Cu6JBdtmRWujw9pVIxW8uz3O2PjgGGzL/7A0sXI8XDjSyRChrUnEW9rQygmJQ==}
    engines: {node: '>= 10'}
    cpu: [arm64]
    os: [darwin]

  '@tailwindcss/oxide-darwin-x64@4.0.12':
    resolution: {integrity: sha512-RL/9jM41Fdq4Efr35C5wgLx98BirnrfwuD+zgMFK6Ir68HeOSqBhW9jsEeC7Y/JcGyPd3MEoJVIU4fAb7YLg7A==}
    engines: {node: '>= 10'}
    cpu: [x64]
    os: [darwin]

  '@tailwindcss/oxide-freebsd-x64@4.0.12':
    resolution: {integrity: sha512-7WzWiax+LguJcMEimY0Q4sBLlFXu1tYxVka3+G2M9KmU/3m84J3jAIV4KZWnockbHsbb2XgrEjtlJKVwHQCoRA==}
    engines: {node: '>= 10'}
    cpu: [x64]
    os: [freebsd]

  '@tailwindcss/oxide-linux-arm-gnueabihf@4.0.12':
    resolution: {integrity: sha512-X9LRC7jjE1QlfIaBbXjY0PGeQP87lz5mEfLSVs2J1yRc9PSg1tEPS9NBqY4BU9v5toZgJgzKeaNltORyTs22TQ==}
    engines: {node: '>= 10'}
    cpu: [arm]
    os: [linux]

  '@tailwindcss/oxide-linux-arm64-gnu@4.0.12':
    resolution: {integrity: sha512-i24IFNq2402zfDdoWKypXz0ZNS2G4NKaA82tgBlE2OhHIE+4mg2JDb5wVfyP6R+MCm5grgXvurcIcKWvo44QiQ==}
    engines: {node: '>= 10'}
    cpu: [arm64]
    os: [linux]

  '@tailwindcss/oxide-linux-arm64-musl@4.0.12':
    resolution: {integrity: sha512-LmOdshJBfAGIBG0DdBWhI0n5LTMurnGGJCHcsm9F//ISfsHtCnnYIKgYQui5oOz1SUCkqsMGfkAzWyNKZqbGNw==}
    engines: {node: '>= 10'}
    cpu: [arm64]
    os: [linux]

  '@tailwindcss/oxide-linux-x64-gnu@4.0.12':
    resolution: {integrity: sha512-OSK667qZRH30ep8RiHbZDQfqkXjnzKxdn0oRwWzgCO8CoTxV+MvIkd0BWdQbYtYuM1wrakARV/Hwp0eA/qzdbw==}
    engines: {node: '>= 10'}
    cpu: [x64]
    os: [linux]

  '@tailwindcss/oxide-linux-x64-musl@4.0.12':
    resolution: {integrity: sha512-uylhWq6OWQ8krV8Jk+v0H/3AZKJW6xYMgNMyNnUbbYXWi7hIVdxRKNUB5UvrlC3RxtgsK5EAV2i1CWTRsNcAnA==}
    engines: {node: '>= 10'}
    cpu: [x64]
    os: [linux]

  '@tailwindcss/oxide-win32-arm64-msvc@4.0.12':
    resolution: {integrity: sha512-XDLnhMoXZEEOir1LK43/gHHwK84V1GlV8+pAncUAIN2wloeD+nNciI9WRIY/BeFTqES22DhTIGoilSO39xDb2g==}
    engines: {node: '>= 10'}
    cpu: [arm64]
    os: [win32]

  '@tailwindcss/oxide-win32-x64-msvc@4.0.12':
    resolution: {integrity: sha512-I/BbjCLpKDQucvtn6rFuYLst1nfFwSMYyPzkx/095RE+tuzk5+fwXuzQh7T3fIBTcbn82qH/sFka7yPGA50tLw==}
    engines: {node: '>= 10'}
    cpu: [x64]
    os: [win32]

  '@tailwindcss/oxide@4.0.12':
    resolution: {integrity: sha512-DWb+myvJB9xJwelwT9GHaMc1qJj6MDXRDR0CS+T8IdkejAtu8ctJAgV4r1drQJLPeS7mNwq2UHW2GWrudTf63A==}
    engines: {node: '>= 10'}

  '@tailwindcss/postcss@4.0.12':
    resolution: {integrity: sha512-r59Sdr8djCW4dL3kvc4aWU8PHdUAVM3O3te2nbYzXsWwKLlHPCuUoZAc9FafXb/YyNDZOMI7sTbKTKFmwOrMjw==}

  detect-libc@2.0.3:
    resolution: {integrity: sha512-bwy0MGW55bG41VqxxypOsdSdGqLwXPI/focwgTYCFMbdUiBAxLg9CFzG08sz2aqzknwiX7Hkl0bQENjg8iLByw==}
    engines: {node: '>=8'}

  enhanced-resolve@5.18.1:
    resolution: {integrity: sha512-ZSW3ma5GkcQBIpwZTSRAI8N71Uuwgs93IezB7mf7R60tC8ZbJideoDNKjHn2O9KIlx6rkGTTEk1xUCK2E1Y2Yg==}
    engines: {node: '>=10.13.0'}

  graceful-fs@4.2.11:
    resolution: {integrity: sha512-RbJ5/jmFcNNCcDV5o9eTnBLJ/HszWV0P73bc+Ff4nS/rJj+YaS6IGyiOL0VoBYX+l1Wrl3k63h/KrH+nhJ0XvQ==}

  jiti@2.4.2:
    resolution: {integrity: sha512-rg9zJN+G4n2nfJl5MW3BMygZX56zKPNVEYYqq7adpmMh4Jn2QNEwhvQlFy6jPVdcod7txZtKHWnyZiA3a0zP7A==}
    hasBin: true

  lightningcss-darwin-arm64@1.29.2:
    resolution: {integrity: sha512-cK/eMabSViKn/PG8U/a7aCorpeKLMlK0bQeNHmdb7qUnBkNPnL+oV5DjJUo0kqWsJUapZsM4jCfYItbqBDvlcA==}
    engines: {node: '>= 12.0.0'}
    cpu: [arm64]
    os: [darwin]

  lightningcss-darwin-x64@1.29.2:
    resolution: {integrity: sha512-j5qYxamyQw4kDXX5hnnCKMf3mLlHvG44f24Qyi2965/Ycz829MYqjrVg2H8BidybHBp9kom4D7DR5VqCKDXS0w==}
    engines: {node: '>= 12.0.0'}
    cpu: [x64]
    os: [darwin]

  lightningcss-freebsd-x64@1.29.2:
    resolution: {integrity: sha512-wDk7M2tM78Ii8ek9YjnY8MjV5f5JN2qNVO+/0BAGZRvXKtQrBC4/cn4ssQIpKIPP44YXw6gFdpUF+Ps+RGsCwg==}
    engines: {node: '>= 12.0.0'}
    cpu: [x64]
    os: [freebsd]

  lightningcss-linux-arm-gnueabihf@1.29.2:
    resolution: {integrity: sha512-IRUrOrAF2Z+KExdExe3Rz7NSTuuJ2HvCGlMKoquK5pjvo2JY4Rybr+NrKnq0U0hZnx5AnGsuFHjGnNT14w26sg==}
    engines: {node: '>= 12.0.0'}
    cpu: [arm]
    os: [linux]

  lightningcss-linux-arm64-gnu@1.29.2:
    resolution: {integrity: sha512-KKCpOlmhdjvUTX/mBuaKemp0oeDIBBLFiU5Fnqxh1/DZ4JPZi4evEH7TKoSBFOSOV3J7iEmmBaw/8dpiUvRKlQ==}
    engines: {node: '>= 12.0.0'}
    cpu: [arm64]
    os: [linux]

  lightningcss-linux-arm64-musl@1.29.2:
    resolution: {integrity: sha512-Q64eM1bPlOOUgxFmoPUefqzY1yV3ctFPE6d/Vt7WzLW4rKTv7MyYNky+FWxRpLkNASTnKQUaiMJ87zNODIrrKQ==}
    engines: {node: '>= 12.0.0'}
    cpu: [arm64]
    os: [linux]

  lightningcss-linux-x64-gnu@1.29.2:
    resolution: {integrity: sha512-0v6idDCPG6epLXtBH/RPkHvYx74CVziHo6TMYga8O2EiQApnUPZsbR9nFNrg2cgBzk1AYqEd95TlrsL7nYABQg==}
    engines: {node: '>= 12.0.0'}
    cpu: [x64]
    os: [linux]

  lightningcss-linux-x64-musl@1.29.2:
    resolution: {integrity: sha512-rMpz2yawkgGT8RULc5S4WiZopVMOFWjiItBT7aSfDX4NQav6M44rhn5hjtkKzB+wMTRlLLqxkeYEtQ3dd9696w==}
    engines: {node: '>= 12.0.0'}
    cpu: [x64]
    os: [linux]

  lightningcss-win32-arm64-msvc@1.29.2:
    resolution: {integrity: sha512-nL7zRW6evGQqYVu/bKGK+zShyz8OVzsCotFgc7judbt6wnB2KbiKKJwBE4SGoDBQ1O94RjW4asrCjQL4i8Fhbw==}
    engines: {node: '>= 12.0.0'}
    cpu: [arm64]
    os: [win32]

  lightningcss-win32-x64-msvc@1.29.2:
    resolution: {integrity: sha512-EdIUW3B2vLuHmv7urfzMI/h2fmlnOQBk1xlsDxkN1tCWKjNFjfLhGxYk8C8mzpSfr+A6jFFIi8fU6LbQGsRWjA==}
    engines: {node: '>= 12.0.0'}
    cpu: [x64]
    os: [win32]

  lightningcss@1.29.2:
    resolution: {integrity: sha512-6b6gd/RUXKaw5keVdSEtqFVdzWnU5jMxTUjA2bVcMNPLwSQ08Sv/UodBVtETLCn7k4S1Ibxwh7k68IwLZPgKaA==}
    engines: {node: '>= 12.0.0'}

  nanoid@3.3.9:
    resolution: {integrity: sha512-SppoicMGpZvbF1l3z4x7No3OlIjP7QJvC9XR7AhZr1kL133KHnKPztkKDc+Ir4aJ/1VhTySrtKhrsycmrMQfvg==}
    engines: {node: ^10 || ^12 || ^13.7 || ^14 || >=15.0.1}
    hasBin: true

  picocolors@1.1.1:
    resolution: {integrity: sha512-xceH2snhtb5M9liqDsmEw56le376mTZkEX/jEb/RxNFyegNul7eNslCXP9FDj/Lcu0X8KEyMceP2ntpaHrDEVA==}

  postcss@8.5.3:
    resolution: {integrity: sha512-dle9A3yYxlBSrt8Fu+IpjGT8SY8hN0mlaA6GY8t0P5PjIOZemULz/E2Bnm/2dcUOena75OTNkHI76uZBNUUq3A==}
    engines: {node: ^10 || ^12 || >=14}

  source-map-js@1.2.1:
    resolution: {integrity: sha512-UXWMKhLOwVKb728IUtQPXxfYU+usdybtUrK/8uGE8CQMvrhOpwvzDBwj0QhSL7MQc7vIsISBG8VQ8+IDQxpfQA==}
    engines: {node: '>=0.10.0'}

  tailwindcss@4.0.12:
    resolution: {integrity: sha512-bT0hJo91FtncsAMSsMzUkoo/iEU0Xs5xgFgVC9XmdM9bw5MhZuQFjPNl6wxAE0SiQF/YTZJa+PndGWYSDtuxAg==}

  tapable@2.2.1:
    resolution: {integrity: sha512-GNzQvQTOIP6RyTfE2Qxb8ZVlNmw0n88vp1szwWRimP02mnTsx3Wtn5qRdqY9w2XduFNUgvOwhNnQsjwCp+kqaQ==}
    engines: {node: '>=6'}

snapshots:

  '@alloc/quick-lru@5.2.0': {}

  '@tailwindcss/node@4.0.12':
    dependencies:
      enhanced-resolve: 5.18.1
      jiti: 2.4.2
      tailwindcss: 4.0.12

  '@tailwindcss/oxide-android-arm64@4.0.12':
    optional: true

  '@tailwindcss/oxide-darwin-arm64@4.0.12':
    optional: true

  '@tailwindcss/oxide-darwin-x64@4.0.12':
    optional: true

  '@tailwindcss/oxide-freebsd-x64@4.0.12':
    optional: true

  '@tailwindcss/oxide-linux-arm-gnueabihf@4.0.12':
    optional: true

  '@tailwindcss/oxide-linux-arm64-gnu@4.0.12':
    optional: true

  '@tailwindcss/oxide-linux-arm64-musl@4.0.12':
    optional: true

  '@tailwindcss/oxide-linux-x64-gnu@4.0.12':
    optional: true

  '@tailwindcss/oxide-linux-x64-musl@4.0.12':
    optional: true

  '@tailwindcss/oxide-win32-arm64-msvc@4.0.12':
    optional: true

  '@tailwindcss/oxide-win32-x64-msvc@4.0.12':
    optional: true

  '@tailwindcss/oxide@4.0.12':
    optionalDependencies:
      '@tailwindcss/oxide-android-arm64': 4.0.12
      '@tailwindcss/oxide-darwin-arm64': 4.0.12
      '@tailwindcss/oxide-darwin-x64': 4.0.12
      '@tailwindcss/oxide-freebsd-x64': 4.0.12
      '@tailwindcss/oxide-linux-arm-gnueabihf': 4.0.12
      '@tailwindcss/oxide-linux-arm64-gnu': 4.0.12
      '@tailwindcss/oxide-linux-arm64-musl': 4.0.12
      '@tailwindcss/oxide-linux-x64-gnu': 4.0.12
      '@tailwindcss/oxide-linux-x64-musl': 4.0.12
      '@tailwindcss/oxide-win32-arm64-msvc': 4.0.12
      '@tailwindcss/oxide-win32-x64-msvc': 4.0.12

  '@tailwindcss/postcss@4.0.12':
    dependencies:
      '@alloc/quick-lru': 5.2.0
      '@tailwindcss/node': 4.0.12
      '@tailwindcss/oxide': 4.0.12
      lightningcss: 1.29.2
      postcss: 8.5.3
      tailwindcss: 4.0.12

  detect-libc@2.0.3: {}

  enhanced-resolve@5.18.1:
    dependencies:
      graceful-fs: 4.2.11
      tapable: 2.2.1

  graceful-fs@4.2.11: {}

  jiti@2.4.2: {}

  lightningcss-darwin-arm64@1.29.2:
    optional: true

  lightningcss-darwin-x64@1.29.2:
    optional: true

  lightningcss-freebsd-x64@1.29.2:
    optional: true

  lightningcss-linux-arm-gnueabihf@1.29.2:
    optional: true

  lightningcss-linux-arm64-gnu@1.29.2:
    optional: true

  lightningcss-linux-arm64-musl@1.29.2:
    optional: true

  lightningcss-linux-x64-gnu@1.29.2:
    optional: true

  lightningcss-linux-x64-musl@1.29.2:
    optional: true

  lightningcss-win32-arm64-msvc@1.29.2:
    optional: true

  lightningcss-win32-x64-msvc@1.29.2:
    optional: true

  lightningcss@1.29.2:
    dependencies:
      detect-libc: 2.0.3
    optionalDependencies:
      lightningcss-darwin-arm64: 1.29.2
      lightningcss-darwin-x64: 1.29.2
      lightningcss-freebsd-x64: 1.29.2
      lightningcss-linux-arm-gnueabihf: 1.29.2
      lightningcss-linux-arm64-gnu: 1.29.2
      lightningcss-linux-arm64-musl: 1.29.2
      lightningcss-linux-x64-gnu: 1.29.2
      lightningcss-linux-x64-musl: 1.29.2
      lightningcss-win32-arm64-msvc: 1.29.2
      lightningcss-win32-x64-msvc: 1.29.2

  nanoid@3.3.9: {}

  picocolors@1.1.1: {}

  postcss@8.5.3:
    dependencies:
      nanoid: 3.3.9
      picocolors: 1.1.1
      source-map-js: 1.2.1

  source-map-js@1.2.1: {}

  tailwindcss@4.0.12: {}

  tapable@2.2.1: {}
