{
  "name": "db-init-scripts",
  "version": "1.0.0",
  "lockfileVersion": 2,
  "requires": true,
  "packages": {
    "": {
      "name": "db-init-scripts",
      "version": "1.0.0",
      "dependencies": {
        "dotenv": "^16.3.1",
        "fast-csv": "^4.3.6",
        "pg": "^8.11.0"
      }
    },
    "node_modules/@fast-csv/format": {
      "version": "4.3.5",
      "resolved": "https://registry.npmjs.org/@fast-csv/format/-/format-4.3.5.tgz",
      "integrity": "sha512-8iRn6QF3I8Ak78lNAa+Gdl5MJJBM5vRHivFtMRUWINdevNo00K7OXxS2PshawLKTejVwieIlPmK5YlLu6w4u8A==",
      "dependencies": {
        "@types/node": "^14.0.1",
        "lodash.escaperegexp": "^4.1.2",
        "lodash.isboolean": "^3.0.3",
        "lodash.isequal": "^4.5.0",
        "lodash.isfunction": "^3.0.9",
        "lodash.isnil": "^4.0.0"
      }
    },
    "node_modules/@fast-csv/parse": {
      "version": "4.3.6",
      "resolved": "https://registry.npmjs.org/@fast-csv/parse/-/parse-4.3.6.tgz",
      "integrity": "sha512-uRsLYksqpbDmWaSmzvJcuApSEe38+6NQZBUsuAyMZKqHxH0g1wcJgsKUvN3WC8tewaqFjBMMGrkHmC+T7k8LvA==",
      "dependencies": {
        "@types/node": "^14.0.1",
        "lodash.escaperegexp": "^4.1.2",
        "lodash.groupby": "^4.6.0",
        "lodash.isfunction": "^3.0.9",
        "lodash.isnil": "^4.0.0",
        "lodash.isundefined": "^3.0.1",
        "lodash.uniq": "^4.5.0"
      }
    },
    "node_modules/@types/node": {
      "version": "14.18.63",
      "resolved": "https://registry.npmjs.org/@types/node/-/node-14.18.63.tgz",
      "integrity": "sha512-fAtCfv4jJg+ExtXhvCkCqUKZ+4ok/JQk01qDKhL5BDDoS3AxKXhV5/MAVUZyQnSEd2GT92fkgZl0pz0Q0AzcIQ=="
    },
    "node_modules/dotenv": {
      "version": "16.4.7",
      "resolved": "https://registry.npmjs.org/dotenv/-/dotenv-16.4.7.tgz",
      "integrity": "sha512-47qPchRCykZC03FhkYAhrvwU4xDBFIj1QPqaarj6mdM/hgUzfPHcpkHJOn3mJAufFeeAxAzeGsr5X0M4k6fLZQ==",
      "engines": {
        "node": ">=12"
      },
      "funding": {
        "url": "https://dotenvx.com"
      }
    },
    "node_modules/fast-csv": {
      "version": "4.3.6",
      "resolved": "https://registry.npmjs.org/fast-csv/-/fast-csv-4.3.6.tgz",
      "integrity": "sha512-2RNSpuwwsJGP0frGsOmTb9oUF+VkFSM4SyLTDgwf2ciHWTarN0lQTC+F2f/t5J9QjW+c65VFIAAu85GsvMIusw==",
      "dependencies": {
        "@fast-csv/format": "4.3.5",
        "@fast-csv/parse": "4.3.6"
      },
      "engines": {
        "node": ">=10.0.0"
      }
    },
    "node_modules/lodash.escaperegexp": {
      "version": "4.1.2",
      "resolved": "https://registry.npmjs.org/lodash.escaperegexp/-/lodash.escaperegexp-4.1.2.tgz",
      "integrity": "sha512-TM9YBvyC84ZxE3rgfefxUWiQKLilstD6k7PTGt6wfbtXF8ixIJLOL3VYyV/z+ZiPLsVxAsKAFVwWlWeb2Y8Yyw=="
    },
    "node_modules/lodash.groupby": {
      "version": "4.6.0",
      "resolved": "https://registry.npmjs.org/lodash.groupby/-/lodash.groupby-4.6.0.tgz",
      "integrity": "sha512-5dcWxm23+VAoz+awKmBaiBvzox8+RqMgFhi7UvX9DHZr2HdxHXM/Wrf8cfKpsW37RNrvtPn6hSwNqurSILbmJw=="
    },
    "node_modules/lodash.isboolean": {
      "version": "3.0.3",
      "resolved": "https://registry.npmjs.org/lodash.isboolean/-/lodash.isboolean-3.0.3.tgz",
      "integrity": "sha512-Bz5mupy2SVbPHURB98VAcw+aHh4vRV5IPNhILUCsOzRmsTmSQ17jIuqopAentWoehktxGd9e/hbIXq980/1QJg=="
    },
    "node_modules/lodash.isequal": {
      "version": "4.5.0",
      "resolved": "https://registry.npmjs.org/lodash.isequal/-/lodash.isequal-4.5.0.tgz",
      "integrity": "sha512-pDo3lu8Jhfjqls6GkMgpahsF9kCyayhgykjyLMNFTKWrpVdAQtYyB4muAMWozBB4ig/dtWAmsMxLEI8wuz+DYQ==",
      "deprecated": "This package is deprecated. Use require('node:util').isDeepStrictEqual instead."
    },
    "node_modules/lodash.isfunction": {
      "version": "3.0.9",
      "resolved": "https://registry.npmjs.org/lodash.isfunction/-/lodash.isfunction-3.0.9.tgz",
      "integrity": "sha512-AirXNj15uRIMMPihnkInB4i3NHeb4iBtNg9WRWuK2o31S+ePwwNmDPaTL3o7dTJ+VXNZim7rFs4rxN4YU1oUJw=="
    },
    "node_modules/lodash.isnil": {
      "version": "4.0.0",
      "resolved": "https://registry.npmjs.org/lodash.isnil/-/lodash.isnil-4.0.0.tgz",
      "integrity": "sha512-up2Mzq3545mwVnMhTDMdfoG1OurpA/s5t88JmQX809eH3C8491iu2sfKhTfhQtKY78oPNhiaHJUpT/dUDAAtng=="
    },
    "node_modules/lodash.isundefined": {
      "version": "3.0.1",
      "resolved": "https://registry.npmjs.org/lodash.isundefined/-/lodash.isundefined-3.0.1.tgz",
      "integrity": "sha512-MXB1is3s899/cD8jheYYE2V9qTHwKvt+npCwpD+1Sxm3Q3cECXCiYHjeHWXNwr6Q0SOBPrYUDxendrO6goVTEA=="
    },
    "node_modules/lodash.uniq": {
      "version": "4.5.0",
      "resolved": "https://registry.npmjs.org/lodash.uniq/-/lodash.uniq-4.5.0.tgz",
      "integrity": "sha512-xfBaXQd9ryd9dlSDvnvI0lvxfLJlYAZzXomUYzLKtUeOQvOP5piqAWuGtrhWeqaXK9hhoM/iyJc5AV+XfsX3HQ=="
    },
    "node_modules/pg": {
      "version": "8.14.1",
      "resolved": "https://registry.npmjs.org/pg/-/pg-8.14.1.tgz",
      "integrity": "sha512-0TdbqfjwIun9Fm/r89oB7RFQ0bLgduAhiIqIXOsyKoiC/L54DbuAAzIEN/9Op0f1Po9X7iCPXGoa/Ah+2aI8Xw==",
      "dependencies": {
        "pg-cloudflare": "^1.1.1",
        "pg-connection-string": "^2.7.0",
        "pg-pool": "^3.8.0",
        "pg-protocol": "^1.8.0",
        "pg-types": "^2.1.0",
        "pgpass": "1.x"
      },
      "engines": {
        "node": ">= 8.0.0"
      },
      "optionalDependencies": {
        "pg-cloudflare": "^1.1.1"
      },
      "peerDependencies": {
        "pg-native": ">=3.0.1"
      },
      "peerDependenciesMeta": {
        "pg-native": {
          "optional": true
        }
      }
    },
    "node_modules/pg-cloudflare": {
      "version": "1.1.1",
      "resolved": "https://registry.npmjs.org/pg-cloudflare/-/pg-cloudflare-1.1.1.tgz",
      "integrity": "sha512-xWPagP/4B6BgFO+EKz3JONXv3YDgvkbVrGw2mTo3D6tVDQRh1e7cqVGvyR3BE+eQgAvx1XhW/iEASj4/jCWl3Q==",
      "optional": true
    },
    "node_modules/pg-connection-string": {
      "version": "2.7.0",
      "resolved": "https://registry.npmjs.org/pg-connection-string/-/pg-connection-string-2.7.0.tgz",
      "integrity": "sha512-PI2W9mv53rXJQEOb8xNR8lH7Hr+EKa6oJa38zsK0S/ky2er16ios1wLKhZyxzD7jUReiWokc9WK5nxSnC7W1TA=="
    },
    "node_modules/pg-int8": {
      "version": "1.0.1",
      "resolved": "https://registry.npmjs.org/pg-int8/-/pg-int8-1.0.1.tgz",
      "integrity": "sha512-WCtabS6t3c8SkpDBUlb1kjOs7l66xsGdKpIPZsg4wR+B3+u9UAum2odSsF9tnvxg80h4ZxLWMy4pRjOsFIqQpw==",
      "engines": {
        "node": ">=4.0.0"
      }
    },
    "node_modules/pg-pool": {
      "version": "3.8.0",
      "resolved": "https://registry.npmjs.org/pg-pool/-/pg-pool-3.8.0.tgz",
      "integrity": "sha512-VBw3jiVm6ZOdLBTIcXLNdSotb6Iy3uOCwDGFAksZCXmi10nyRvnP2v3jl4d+IsLYRyXf6o9hIm/ZtUzlByNUdw==",
      "peerDependencies": {
        "pg": ">=8.0"
      }
    },
    "node_modules/pg-protocol": {
      "version": "1.8.0",
      "resolved": "https://registry.npmjs.org/pg-protocol/-/pg-protocol-1.8.0.tgz",
      "integrity": "sha512-jvuYlEkL03NRvOoyoRktBK7+qU5kOvlAwvmrH8sr3wbLrOdVWsRxQfz8mMy9sZFsqJ1hEWNfdWKI4SAmoL+j7g=="
    },
    "node_modules/pg-types": {
      "version": "2.2.0",
      "resolved": "https://registry.npmjs.org/pg-types/-/pg-types-2.2.0.tgz",
      "integrity": "sha512-qTAAlrEsl8s4OiEQY69wDvcMIdQN6wdz5ojQiOy6YRMuynxenON0O5oCpJI6lshc6scgAY8qvJ2On/p+CXY0GA==",
      "dependencies": {
        "pg-int8": "1.0.1",
        "postgres-array": "~2.0.0",
        "postgres-bytea": "~1.0.0",
        "postgres-date": "~1.0.4",
        "postgres-interval": "^1.1.0"
      },
      "engines": {
        "node": ">=4"
      }
    },
    "node_modules/pgpass": {
      "version": "1.0.5",
      "resolved": "https://registry.npmjs.org/pgpass/-/pgpass-1.0.5.tgz",
      "integrity": "sha512-FdW9r/jQZhSeohs1Z3sI1yxFQNFvMcnmfuj4WBMUTxOrAyLMaTcE1aAMBiTlbMNaXvBCQuVi0R7hd8udDSP7ug==",
      "dependencies": {
        "split2": "^4.1.0"
      }
    },
    "node_modules/postgres-array": {
      "version": "2.0.0",
      "resolved": "https://registry.npmjs.org/postgres-array/-/postgres-array-2.0.0.tgz",
      "integrity": "sha512-VpZrUqU5A69eQyW2c5CA1jtLecCsN2U/bD6VilrFDWq5+5UIEVO7nazS3TEcHf1zuPYO/sqGvUvW62g86RXZuA==",
      "engines": {
        "node": ">=4"
      }
    },
    "node_modules/postgres-bytea": {
      "version": "1.0.0",
      "resolved": "https://registry.npmjs.org/postgres-bytea/-/postgres-bytea-1.0.0.tgz",
      "integrity": "sha512-xy3pmLuQqRBZBXDULy7KbaitYqLcmxigw14Q5sj8QBVLqEwXfeybIKVWiqAXTlcvdvb0+xkOtDbfQMOf4lST1w==",
      "engines": {
        "node": ">=0.10.0"
      }
    },
    "node_modules/postgres-date": {
      "version": "1.0.7",
      "resolved": "https://registry.npmjs.org/postgres-date/-/postgres-date-1.0.7.tgz",
      "integrity": "sha512-suDmjLVQg78nMK2UZ454hAG+OAW+HQPZ6n++TNDUX+L0+uUlLywnoxJKDou51Zm+zTCjrCl0Nq6J9C5hP9vK/Q==",
      "engines": {
        "node": ">=0.10.0"
      }
    },
    "node_modules/postgres-interval": {
      "version": "1.2.0",
      "resolved": "https://registry.npmjs.org/postgres-interval/-/postgres-interval-1.2.0.tgz",
      "integrity": "sha512-9ZhXKM/rw350N1ovuWHbGxnGh/SNJ4cnxHiM0rxE4VN41wsg8P8zWn9hv/buK00RP4WvlOyr/RBDiptyxVbkZQ==",
      "dependencies": {
        "xtend": "^4.0.0"
      },
      "engines": {
        "node": ">=0.10.0"
      }
    },
    "node_modules/split2": {
      "version": "4.2.0",
      "resolved": "https://registry.npmjs.org/split2/-/split2-4.2.0.tgz",
      "integrity": "sha512-UcjcJOWknrNkF6PLX83qcHM6KHgVKNkV62Y8a5uYDVv9ydGQVwAHMKqHdJje1VTWpljG0WYpCDhrCdAOYH4TWg==",
      "engines": {
        "node": ">= 10.x"
      }
    },
    "node_modules/xtend": {
      "version": "4.0.2",
      "resolved": "https://registry.npmjs.org/xtend/-/xtend-4.0.2.tgz",
      "integrity": "sha512-LKYU1iAXJXUgAXn9URjiu+MWhyUXHsvfp7mcuYm9dSUKK0/CjtrUwFAxD82/mCWbtLsGjFIad0wIsod4zrTAEQ==",
      "engines": {
        "node": ">=0.4"
      }
    }
  },
  "dependencies": {
    "@fast-csv/format": {
      "version": "4.3.5",
      "resolved": "https://registry.npmjs.org/@fast-csv/format/-/format-4.3.5.tgz",
      "integrity": "sha512-8iRn6QF3I8Ak78lNAa+Gdl5MJJBM5vRHivFtMRUWINdevNo00K7OXxS2PshawLKTejVwieIlPmK5YlLu6w4u8A==",
      "requires": {
        "@types/node": "^14.0.1",
        "lodash.escaperegexp": "^4.1.2",
        "lodash.isboolean": "^3.0.3",
        "lodash.isequal": "^4.5.0",
        "lodash.isfunction": "^3.0.9",
        "lodash.isnil": "^4.0.0"
      }
    },
    "@fast-csv/parse": {
      "version": "4.3.6",
      "resolved": "https://registry.npmjs.org/@fast-csv/parse/-/parse-4.3.6.tgz",
      "integrity": "sha512-uRsLYksqpbDmWaSmzvJcuApSEe38+6NQZBUsuAyMZKqHxH0g1wcJgsKUvN3WC8tewaqFjBMMGrkHmC+T7k8LvA==",
      "requires": {
        "@types/node": "^14.0.1",
        "lodash.escaperegexp": "^4.1.2",
        "lodash.groupby": "^4.6.0",
        "lodash.isfunction": "^3.0.9",
        "lodash.isnil": "^4.0.0",
        "lodash.isundefined": "^3.0.1",
        "lodash.uniq": "^4.5.0"
      }
    },
    "@types/node": {
      "version": "14.18.63",
      "resolved": "https://registry.npmjs.org/@types/node/-/node-14.18.63.tgz",
      "integrity": "sha512-fAtCfv4jJg+ExtXhvCkCqUKZ+4ok/JQk01qDKhL5BDDoS3AxKXhV5/MAVUZyQnSEd2GT92fkgZl0pz0Q0AzcIQ=="
    },
    "dotenv": {
      "version": "16.4.7",
      "resolved": "https://registry.npmjs.org/dotenv/-/dotenv-16.4.7.tgz",
      "integrity": "sha512-47qPchRCykZC03FhkYAhrvwU4xDBFIj1QPqaarj6mdM/hgUzfPHcpkHJOn3mJAufFeeAxAzeGsr5X0M4k6fLZQ=="
    },
    "fast-csv": {
      "version": "4.3.6",
      "resolved": "https://registry.npmjs.org/fast-csv/-/fast-csv-4.3.6.tgz",
      "integrity": "sha512-2RNSpuwwsJGP0frGsOmTb9oUF+VkFSM4SyLTDgwf2ciHWTarN0lQTC+F2f/t5J9QjW+c65VFIAAu85GsvMIusw==",
      "requires": {
        "@fast-csv/format": "4.3.5",
        "@fast-csv/parse": "4.3.6"
      }
    },
    "lodash.escaperegexp": {
      "version": "4.1.2",
      "resolved": "https://registry.npmjs.org/lodash.escaperegexp/-/lodash.escaperegexp-4.1.2.tgz",
      "integrity": "sha512-TM9YBvyC84ZxE3rgfefxUWiQKLilstD6k7PTGt6wfbtXF8ixIJLOL3VYyV/z+ZiPLsVxAsKAFVwWlWeb2Y8Yyw=="
    },
    "lodash.groupby": {
      "version": "4.6.0",
      "resolved": "https://registry.npmjs.org/lodash.groupby/-/lodash.groupby-4.6.0.tgz",
      "integrity": "sha512-5dcWxm23+VAoz+awKmBaiBvzox8+RqMgFhi7UvX9DHZr2HdxHXM/Wrf8cfKpsW37RNrvtPn6hSwNqurSILbmJw=="
    },
    "lodash.isboolean": {
      "version": "3.0.3",
      "resolved": "https://registry.npmjs.org/lodash.isboolean/-/lodash.isboolean-3.0.3.tgz",
      "integrity": "sha512-Bz5mupy2SVbPHURB98VAcw+aHh4vRV5IPNhILUCsOzRmsTmSQ17jIuqopAentWoehktxGd9e/hbIXq980/1QJg=="
    },
    "lodash.isequal": {
      "version": "4.5.0",
      "resolved": "https://registry.npmjs.org/lodash.isequal/-/lodash.isequal-4.5.0.tgz",
      "integrity": "sha512-pDo3lu8Jhfjqls6GkMgpahsF9kCyayhgykjyLMNFTKWrpVdAQtYyB4muAMWozBB4ig/dtWAmsMxLEI8wuz+DYQ=="
    },
    "lodash.isfunction": {
      "version": "3.0.9",
      "resolved": "https://registry.npmjs.org/lodash.isfunction/-/lodash.isfunction-3.0.9.tgz",
      "integrity": "sha512-AirXNj15uRIMMPihnkInB4i3NHeb4iBtNg9WRWuK2o31S+ePwwNmDPaTL3o7dTJ+VXNZim7rFs4rxN4YU1oUJw=="
    },
    "lodash.isnil": {
      "version": "4.0.0",
      "resolved": "https://registry.npmjs.org/lodash.isnil/-/lodash.isnil-4.0.0.tgz",
      "integrity": "sha512-up2Mzq3545mwVnMhTDMdfoG1OurpA/s5t88JmQX809eH3C8491iu2sfKhTfhQtKY78oPNhiaHJUpT/dUDAAtng=="
    },
    "lodash.isundefined": {
      "version": "3.0.1",
      "resolved": "https://registry.npmjs.org/lodash.isundefined/-/lodash.isundefined-3.0.1.tgz",
      "integrity": "sha512-MXB1is3s899/cD8jheYYE2V9qTHwKvt+npCwpD+1Sxm3Q3cECXCiYHjeHWXNwr6Q0SOBPrYUDxendrO6goVTEA=="
    },
    "lodash.uniq": {
      "version": "4.5.0",
      "resolved": "https://registry.npmjs.org/lodash.uniq/-/lodash.uniq-4.5.0.tgz",
      "integrity": "sha512-xfBaXQd9ryd9dlSDvnvI0lvxfLJlYAZzXomUYzLKtUeOQvOP5piqAWuGtrhWeqaXK9hhoM/iyJc5AV+XfsX3HQ=="
    },
    "pg": {
      "version": "8.14.1",
      "resolved": "https://registry.npmjs.org/pg/-/pg-8.14.1.tgz",
      "integrity": "sha512-0TdbqfjwIun9Fm/r89oB7RFQ0bLgduAhiIqIXOsyKoiC/L54DbuAAzIEN/9Op0f1Po9X7iCPXGoa/Ah+2aI8Xw==",
      "requires": {
        "pg-cloudflare": "^1.1.1",
        "pg-connection-string": "^2.7.0",
        "pg-pool": "^3.8.0",
        "pg-protocol": "^1.8.0",
        "pg-types": "^2.1.0",
        "pgpass": "1.x"
      }
    },
    "pg-cloudflare": {
      "version": "1.1.1",
      "resolved": "https://registry.npmjs.org/pg-cloudflare/-/pg-cloudflare-1.1.1.tgz",
      "integrity": "sha512-xWPagP/4B6BgFO+EKz3JONXv3YDgvkbVrGw2mTo3D6tVDQRh1e7cqVGvyR3BE+eQgAvx1XhW/iEASj4/jCWl3Q==",
      "optional": true
    },
    "pg-connection-string": {
      "version": "2.7.0",
      "resolved": "https://registry.npmjs.org/pg-connection-string/-/pg-connection-string-2.7.0.tgz",
      "integrity": "sha512-PI2W9mv53rXJQEOb8xNR8lH7Hr+EKa6oJa38zsK0S/ky2er16ios1wLKhZyxzD7jUReiWokc9WK5nxSnC7W1TA=="
    },
    "pg-int8": {
      "version": "1.0.1",
      "resolved": "https://registry.npmjs.org/pg-int8/-/pg-int8-1.0.1.tgz",
      "integrity": "sha512-WCtabS6t3c8SkpDBUlb1kjOs7l66xsGdKpIPZsg4wR+B3+u9UAum2odSsF9tnvxg80h4ZxLWMy4pRjOsFIqQpw=="
    },
    "pg-pool": {
      "version": "3.8.0",
      "resolved": "https://registry.npmjs.org/pg-pool/-/pg-pool-3.8.0.tgz",
      "integrity": "sha512-VBw3jiVm6ZOdLBTIcXLNdSotb6Iy3uOCwDGFAksZCXmi10nyRvnP2v3jl4d+IsLYRyXf6o9hIm/ZtUzlByNUdw==",
      "requires": {}
    },
    "pg-protocol": {
      "version": "1.8.0",
      "resolved": "https://registry.npmjs.org/pg-protocol/-/pg-protocol-1.8.0.tgz",
      "integrity": "sha512-jvuYlEkL03NRvOoyoRktBK7+qU5kOvlAwvmrH8sr3wbLrOdVWsRxQfz8mMy9sZFsqJ1hEWNfdWKI4SAmoL+j7g=="
    },
    "pg-types": {
      "version": "2.2.0",
      "resolved": "https://registry.npmjs.org/pg-types/-/pg-types-2.2.0.tgz",
      "integrity": "sha512-qTAAlrEsl8s4OiEQY69wDvcMIdQN6wdz5ojQiOy6YRMuynxenON0O5oCpJI6lshc6scgAY8qvJ2On/p+CXY0GA==",
      "requires": {
        "pg-int8": "1.0.1",
        "postgres-array": "~2.0.0",
        "postgres-bytea": "~1.0.0",
        "postgres-date": "~1.0.4",
        "postgres-interval": "^1.1.0"
      }
    },
    "pgpass": {
      "version": "1.0.5",
      "resolved": "https://registry.npmjs.org/pgpass/-/pgpass-1.0.5.tgz",
      "integrity": "sha512-FdW9r/jQZhSeohs1Z3sI1yxFQNFvMcnmfuj4WBMUTxOrAyLMaTcE1aAMBiTlbMNaXvBCQuVi0R7hd8udDSP7ug==",
      "requires": {
        "split2": "^4.1.0"
      }
    },
    "postgres-array": {
      "version": "2.0.0",
      "resolved": "https://registry.npmjs.org/postgres-array/-/postgres-array-2.0.0.tgz",
      "integrity": "sha512-VpZrUqU5A69eQyW2c5CA1jtLecCsN2U/bD6VilrFDWq5+5UIEVO7nazS3TEcHf1zuPYO/sqGvUvW62g86RXZuA=="
    },
    "postgres-bytea": {
      "version": "1.0.0",
      "resolved": "https://registry.npmjs.org/postgres-bytea/-/postgres-bytea-1.0.0.tgz",
      "integrity": "sha512-xy3pmLuQqRBZBXDULy7KbaitYqLcmxigw14Q5sj8QBVLqEwXfeybIKVWiqAXTlcvdvb0+xkOtDbfQMOf4lST1w=="
    },
    "postgres-date": {
      "version": "1.0.7",
      "resolved": "https://registry.npmjs.org/postgres-date/-/postgres-date-1.0.7.tgz",
      "integrity": "sha512-suDmjLVQg78nMK2UZ454hAG+OAW+HQPZ6n++TNDUX+L0+uUlLywnoxJKDou51Zm+zTCjrCl0Nq6J9C5hP9vK/Q=="
    },
    "postgres-interval": {
      "version": "1.2.0",
      "resolved": "https://registry.npmjs.org/postgres-interval/-/postgres-interval-1.2.0.tgz",
      "integrity": "sha512-9ZhXKM/rw350N1ovuWHbGxnGh/SNJ4cnxHiM0rxE4VN41wsg8P8zWn9hv/buK00RP4WvlOyr/RBDiptyxVbkZQ==",
      "requires": {
        "xtend": "^4.0.0"
      }
    },
    "split2": {
      "version": "4.2.0",
      "resolved": "https://registry.npmjs.org/split2/-/split2-4.2.0.tgz",
      "integrity": "sha512-UcjcJOWknrNkF6PLX83qcHM6KHgVKNkV62Y8a5uYDVv9ydGQVwAHMKqHdJje1VTWpljG0WYpCDhrCdAOYH4TWg=="
    },
    "xtend": {
      "version": "4.0.2",
      "resolved": "https://registry.npmjs.org/xtend/-/xtend-4.0.2.tgz",
      "integrity": "sha512-LKYU1iAXJXUgAXn9URjiu+MWhyUXHsvfp7mcuYm9dSUKK0/CjtrUwFAxD82/mCWbtLsGjFIad0wIsod4zrTAEQ=="
    }
  }
}
